// !$*UTF8*$!
{
	archiveVersion = 1;
	classes = {
	};
	objectVersion = 55;
	objects = {

/* Begin PBXBuildFile section */
		BA2D61C7289A622600A74D93 /* AppDelegate.swift in Sources */ = {isa = PBXBuildFile; fileRef = BA2D61C6289A622600A74D93 /* AppDelegate.swift */; };
		BA2D61C9289A622600A74D93 /* SceneDelegate.swift in Sources */ = {isa = PBXBuildFile; fileRef = BA2D61C8289A622600A74D93 /* SceneDelegate.swift */; };
		BA2D61CB289A622600A74D93 /* ViewController.swift in Sources */ = {isa = PBXBuildFile; fileRef = BA2D61CA289A622600A74D93 /* ViewController.swift */; };
		BA2D61CE289A622600A74D93 /* Main.storyboard in Resources */ = {isa = PBXBuildFile; fileRef = BA2D61CC289A622600A74D93 /* Main.storyboard */; };
		BA2D61D0289A622700A74D93 /* Assets.xcassets in Resources */ = {isa = PBXBuildFile; fileRef = BA2D61CF289A622700A74D93 /* Assets.xcassets */; };
		BA2D61D3289A622700A74D93 /* LaunchScreen.storyboard in Resources */ = {isa = PBXBuildFile; fileRef = BA2D61D1289A622700A74D93 /* LaunchScreen.storyboard */; };
		BA8BEA62289BEDBB0002AE6C /* TableViewCell.swift in Sources */ = {isa = PBXBuildFile; fileRef = BA8BEA61289BEDBB0002AE6C /* TableViewCell.swift */; };
		BA8BEA64289D44690002AE6C /* CardViewController.swift in Sources */ = {isa = PBXBuildFile; fileRef = BA8BEA63289D44690002AE6C /* CardViewController.swift */; };
		D663C3D98C5054E7A22ED4ED /* Pods_hw25.framework in Frameworks */ = {isa = PBXBuildFile; fileRef = 04BFB7F6D8DDCCE575B03359 /* Pods_hw25.framework */; };
/* End PBXBuildFile section */

/* Begin PBXFileReference section */
		04BFB7F6D8DDCCE575B03359 /* Pods_hw25.framework */ = {isa = PBXFileReference; explicitFileType = wrapper.framework; includeInIndex = 0; path = Pods_hw25.framework; sourceTree = BUILT_PRODUCTS_DIR; };
		5486EB9DC79611BBD6009328 /* Pods-hw25.release.xcconfig */ = {isa = PBXFileReference; includeInIndex = 1; lastKnownFileType = text.xcconfig; name = "Pods-hw25.release.xcconfig"; path = "Target Support Files/Pods-hw25/Pods-hw25.release.xcconfig"; sourceTree = "<group>"; };
		BA2D61C3289A622600A74D93 /* hw25.app */ = {isa = PBXFileReference; explicitFileType = wrapper.application; includeInIndex = 0; path = hw25.app; sourceTree = BUILT_PRODUCTS_DIR; };
		BA2D61C6289A622600A74D93 /* AppDelegate.swift */ = {isa = PBXFileReference; lastKnownFileType = sourcecode.swift; path = AppDelegate.swift; sourceTree = "<group>"; };
		BA2D61C8289A622600A74D93 /* SceneDelegate.swift */ = {isa = PBXFileReference; lastKnownFileType = sourcecode.swift; path = SceneDelegate.swift; sourceTree = "<group>"; };
		BA2D61CA289A622600A74D93 /* ViewController.swift */ = {isa = PBXFileReference; lastKnownFileType = sourcecode.swift; path = ViewController.swift; sourceTree = "<group>"; };
		BA2D61CD289A622600A74D93 /* Base */ = {isa = PBXFileReference; lastKnownFileType = file.storyboard; name = Base; path = Base.lproj/Main.storyboard; sourceTree = "<group>"; };
		BA2D61CF289A622700A74D93 /* Assets.xcassets */ = {isa = PBXFileReference; lastKnownFileType = folder.assetcatalog; path = Assets.xcassets; sourceTree = "<group>"; };
		BA2D61D2289A622700A74D93 /* Base */ = {isa = PBXFileReference; lastKnownFileType = file.storyboard; name = Base; path = Base.lproj/LaunchScreen.storyboard; sourceTree = "<group>"; };
		BA2D61D4289A622700A74D93 /* Info.plist */ = {isa = PBXFileReference; lastKnownFileType = text.plist.xml; path = Info.plist; sourceTree = "<group>"; };
		BA8BEA61289BEDBB0002AE6C /* TableViewCell.swift */ = {isa = PBXFileReference; lastKnownFileType = sourcecode.swift; path = TableViewCell.swift; sourceTree = "<group>"; };
		BA8BEA63289D44690002AE6C /* CardViewController.swift */ = {isa = PBXFileReference; lastKnownFileType = sourcecode.swift; path = CardViewController.swift; sourceTree = "<group>"; };
		D6561C55B4AD632AE3E6FF07 /* Pods-hw25.debug.xcconfig */ = {isa = PBXFileReference; includeInIndex = 1; lastKnownFileType = text.xcconfig; name = "Pods-hw25.debug.xcconfig"; path = "Target Support Files/Pods-hw25/Pods-hw25.debug.xcconfig"; sourceTree = "<group>"; };
/* End PBXFileReference section */

/* Begin PBXFrameworksBuildPhase section */
		BA2D61C0289A622600A74D93 /* Frameworks */ = {
			isa = PBXFrameworksBuildPhase;
			buildActionMask = 2147483647;
			files = (
				D663C3D98C5054E7A22ED4ED /* Pods_hw25.framework in Frameworks */,
			);
			runOnlyForDeploymentPostprocessing = 0;
		};
/* End PBXFrameworksBuildPhase section */

/* Begin PBXGroup section */
		AAB585CFF081BE28491F8903 /* Pods */ = {
			isa = PBXGroup;
			children = (
				D6561C55B4AD632AE3E6FF07 /* Pods-hw25.debug.xcconfig */,
				5486EB9DC79611BBD6009328 /* Pods-hw25.release.xcconfig */,
			);
			path = Pods;
			sourceTree = "<group>";
		};
		BA2D61BA289A622600A74D93 = {
			isa = PBXGroup;
			children = (
				BA2D61C5289A622600A74D93 /* hw25 */,
				BA2D61C4289A622600A74D93 /* Products */,
				AAB585CFF081BE28491F8903 /* Pods */,
				BC3912A530E73C71CE09E5C4 /* Frameworks */,
			);
			sourceTree = "<group>";
		};
		BA2D61C4289A622600A74D93 /* Products */ = {
			isa = PBXGroup;
			children = (
				BA2D61C3289A622600A74D93 /* hw25.app */,
			);
			name = Products;
			sourceTree = "<group>";
		};
		BA2D61C5289A622600A74D93 /* hw25 */ = {
			isa = PBXGroup;
			children = (
				BA480B21289A63D2005FE55B /* Resources */,
				BA480B20289A63BE005FE55B /* Source */,
			);
			path = hw25;
			sourceTree = "<group>";
		};
		BA480B20289A63BE005FE55B /* Source */ = {
			isa = PBXGroup;
			children = (
				BA480B23289A640D005FE55B /* Scenes */,
				BA480B22289A6407005FE55B /* App */,
			);
			path = Source;
			sourceTree = "<group>";
		};
		BA480B21289A63D2005FE55B /* Resources */ = {
			isa = PBXGroup;
			children = (
				BA2D61CF289A622700A74D93 /* Assets.xcassets */,
				BA2D61D4289A622700A74D93 /* Info.plist */,
				BA2D61CC289A622600A74D93 /* Main.storyboard */,
				BA2D61D1289A622700A74D93 /* LaunchScreen.storyboard */,
			);
			path = Resources;
			sourceTree = "<group>";
		};
		BA480B22289A6407005FE55B /* App */ = {
			isa = PBXGroup;
			children = (
				BA2D61C6289A622600A74D93 /* AppDelegate.swift */,
				BA2D61C8289A622600A74D93 /* SceneDelegate.swift */,
			);
			path = App;
			sourceTree = "<group>";
		};
		BA480B23289A640D005FE55B /* Scenes */ = {
			isa = PBXGroup;
			children = (
				BA480B26289A646F005FE55B /* Model */,
				BA480B24289A6450005FE55B /* View */,
				BA480B25289A6466005FE55B /* Controller */,
			);
			path = Scenes;
			sourceTree = "<group>";
		};
		BA480B24289A6450005FE55B /* View */ = {
			isa = PBXGroup;
			children = (
				BA8BEA61289BEDBB0002AE6C /* TableViewCell.swift */,
			);
			path = View;
			sourceTree = "<group>";
		};
		BA480B25289A6466005FE55B /* Controller */ = {
			isa = PBXGroup;
			children = (
				BA2D61CA289A622600A74D93 /* ViewController.swift */,
				BA8BEA63289D44690002AE6C /* CardViewController.swift */,
			);
			path = Controller;
			sourceTree = "<group>";
		};
		BA480B26289A646F005FE55B /* Model */ = {
			isa = PBXGroup;
			children = (
			);
			path = Model;
			sourceTree = "<group>";
		};
		BC3912A530E73C71CE09E5C4 /* Frameworks */ = {
			isa = PBXGroup;
			children = (
				04BFB7F6D8DDCCE575B03359 /* Pods_hw25.framework */,
			);
			name = Frameworks;
			sourceTree = "<group>";
		};
/* End PBXGroup section */

/* Begin PBXNativeTarget section */
		BA2D61C2289A622600A74D93 /* hw25 */ = {
			isa = PBXNativeTarget;
			buildConfigurationList = BA2D61D7289A622700A74D93 /* Build configuration list for PBXNativeTarget "hw25" */;
			buildPhases = (
				3D0D5E7671241EF40DDA799D /* [CP] Check Pods Manifest.lock */,
				BA2D61BF289A622600A74D93 /* Sources */,
				BA2D61C0289A622600A74D93 /* Frameworks */,
				BA2D61C1289A622600A74D93 /* Resources */,
				60CCA2ACC2177D6BC36807B6 /* [CP] Embed Pods Frameworks */,
			);
			buildRules = (
			);
			dependencies = (
			);
			name = hw25;
			productName = hw25;
			productReference = BA2D61C3289A622600A74D93 /* hw25.app */;
			productType = "com.apple.product-type.application";
		};
/* End PBXNativeTarget section */

/* Begin PBXProject section */
		BA2D61BB289A622600A74D93 /* Project object */ = {
			isa = PBXProject;
			attributes = {
				BuildIndependentTargetsInParallel = 1;
				LastSwiftUpdateCheck = 1330;
				LastUpgradeCheck = 1330;
				TargetAttributes = {
					BA2D61C2289A622600A74D93 = {
						CreatedOnToolsVersion = 13.3;
					};
				};
			};
			buildConfigurationList = BA2D61BE289A622600A74D93 /* Build configuration list for PBXProject "hw25" */;
			compatibilityVersion = "Xcode 13.0";
			developmentRegion = en;
			hasScannedForEncodings = 0;
			knownRegions = (
				en,
				Base,
			);
			mainGroup = BA2D61BA289A622600A74D93;
			productRefGroup = BA2D61C4289A622600A74D93 /* Products */;
			projectDirPath = "";
			projectRoot = "";
			targets = (
				BA2D61C2289A622600A74D93 /* hw25 */,
			);
		};
/* End PBXProject section */

/* Begin PBXResourcesBuildPhase section */
		BA2D61C1289A622600A74D93 /* Resources */ = {
			isa = PBXResourcesBuildPhase;
			buildActionMask = 2147483647;
			files = (
				BA2D61D3289A622700A74D93 /* LaunchScreen.storyboard in Resources */,
				BA2D61D0289A622700A74D93 /* Assets.xcassets in Resources */,
				BA2D61CE289A622600A74D93 /* Main.storyboard in Resources */,
			);
			runOnlyForDeploymentPostprocessing = 0;
		};
/* End PBXResourcesBuildPhase section */

/* Begin PBXShellScriptBuildPhase section */
		3D0D5E7671241EF40DDA799D /* [CP] Check Pods Manifest.lock */ = {
			isa = PBXShellScriptBuildPhase;
			buildActionMask = 2147483647;
			files = (
			);
			inputFileListPaths = (
			);
			inputPaths = (
				"${PODS_PODFILE_DIR_PATH}/Podfile.lock",
				"${PODS_ROOT}/Manifest.lock",
			);
			name = "[CP] Check Pods Manifest.lock";
			outputFileListPaths = (
			);
			outputPaths = (
				"$(DERIVED_FILE_DIR)/Pods-hw25-checkManifestLockResult.txt",
			);
			runOnlyForDeploymentPostprocessing = 0;
			shellPath = /bin/sh;
			shellScript = "diff \"${PODS_PODFILE_DIR_PATH}/Podfile.lock\" \"${PODS_ROOT}/Manifest.lock\" > /dev/null\nif [ $? != 0 ] ; then\n    # print error to STDERR\n    echo \"error: The sandbox is not in sync with the Podfile.lock. Run 'pod install' or update your CocoaPods installation.\" >&2\n    exit 1\nfi\n# This output is used by Xcode 'outputs' to avoid re-running this script phase.\necho \"SUCCESS\" > \"${SCRIPT_OUTPUT_FILE_0}\"\n";
			showEnvVarsInLog = 0;
		};
		60CCA2ACC2177D6BC36807B6 /* [CP] Embed Pods Frameworks */ = {
			isa = PBXShellScriptBuildPhase;
			buildActionMask = 2147483647;
			files = (
			);
			inputFileListPaths = (
				"${PODS_ROOT}/Target Support Files/Pods-hw25/Pods-hw25-frameworks-${CONFIGURATION}-input-files.xcfilelist",
			);
			name = "[CP] Embed Pods Frameworks";
			outputFileListPaths = (
				"${PODS_ROOT}/Target Support Files/Pods-hw25/Pods-hw25-frameworks-${CONFIGURATION}-output-files.xcfilelist",
			);
			runOnlyForDeploymentPostprocessing = 0;
			shellPath = /bin/sh;
			shellScript = "\"${PODS_ROOT}/Target Support Files/Pods-hw25/Pods-hw25-frameworks.sh\"\n";
			showEnvVarsInLog = 0;
		};
/* End PBXShellScriptBuildPhase section */

/* Begin PBXSourcesBuildPhase section */
		BA2D61BF289A622600A74D93 /* Sources */ = {
			isa = PBXSourcesBuildPhase;
			buildActionMask = 2147483647;
			files = (
				BA2D61CB289A622600A74D93 /* ViewController.swift in Sources */,
				BA8BEA62289BEDBB0002AE6C /* TableViewCell.swift in Sources */,
				BA2D61C7289A622600A74D93 /* AppDelegate.swift in Sources */,
				BA8BEA64289D44690002AE6C /* CardViewController.swift in Sources */,
				BA2D61C9289A622600A74D93 /* SceneDelegate.swift in Sources */,
			);
			runOnlyForDeploymentPostprocessing = 0;
		};
/* End PBXSourcesBuildPhase section */

/* Begin PBXVariantGroup section */
		BA2D61CC289A622600A74D93 /* Main.storyboard */ = {
			isa = PBXVariantGroup;
			children = (
				BA2D61CD289A622600A74D93 /* Base */,
			);
			name = Main.storyboard;
			sourceTree = "<group>";
		};
		BA2D61D1289A622700A74D93 /* LaunchScreen.storyboard */ = {
			isa = PBXVariantGroup;
			children = (
				BA2D61D2289A622700A74D93 /* Base */,
			);
			name = LaunchScreen.storyboard;
			sourceTree = "<group>";
		};
/* End PBXVariantGroup section */

/* Begin XCBuildConfiguration section */
		BA2D61D5289A622700A74D93 /* Debug */ = {
			isa = XCBuildConfiguration;
			buildSettings = {
				ALWAYS_SEARCH_USER_PATHS = NO;
				CLANG_ANALYZER_NONNULL = YES;
				CLANG_ANALYZER_NUMBER_OBJECT_CONVERSION = YES_AGGRESSIVE;
				CLANG_CXX_LANGUAGE_STANDARD = "gnu++17";
				CLANG_ENABLE_MODULES = YES;
				CLANG_ENABLE_OBJC_ARC = YES;
				CLANG_ENABLE_OBJC_WEAK = YES;
				CLANG_WARN_BLOCK_CAPTURE_AUTORELEASING = YES;
				CLANG_WARN_BOOL_CONVERSION = YES;
				CLANG_WARN_COMMA = YES;
				CLANG_WARN_CONSTANT_CONVERSION = YES;
				CLANG_WARN_DEPRECATED_OBJC_IMPLEMENTATIONS = YES;
				CLANG_WARN_DIRECT_OBJC_ISA_USAGE = YES_ERROR;
				CLANG_WARN_DOCUMENTATION_COMMENTS = YES;
				CLANG_WARN_EMPTY_BODY = YES;
				CLANG_WARN_ENUM_CONVERSION = YES;
				CLANG_WARN_INFINITE_RECURSION = YES;
				CLANG_WARN_INT_CONVERSION = YES;
				CLANG_WARN_NON_LITERAL_NULL_CONVERSION = YES;
				CLANG_WARN_OBJC_IMPLICIT_RETAIN_SELF = YES;
				CLANG_WARN_OBJC_LITERAL_CONVERSION = YES;
				CLANG_WARN_OBJC_ROOT_CLASS = YES_ERROR;
				CLANG_WARN_QUOTED_INCLUDE_IN_FRAMEWORK_HEADER = YES;
				CLANG_WARN_RANGE_LOOP_ANALYSIS = YES;
				CLANG_WARN_STRICT_PROTOTYPES = YES;
				CLANG_WARN_SUSPICIOUS_MOVE = YES;
				CLANG_WARN_UNGUARDED_AVAILABILITY = YES_AGGRESSIVE;
				CLANG_WARN_UNREACHABLE_CODE = YES;
				CLANG_WARN__DUPLICATE_METHOD_MATCH = YES;
				COPY_PHASE_STRIP = NO;
				DEBUG_INFORMATION_FORMAT = dwarf;
				ENABLE_STRICT_OBJC_MSGSEND = YES;
				ENABLE_TESTABILITY = YES;
				GCC_C_LANGUAGE_STANDARD = gnu11;
				GCC_DYNAMIC_NO_PIC = NO;
				GCC_NO_COMMON_BLOCKS = YES;
				GCC_OPTIMIZATION_LEVEL = 0;
				GCC_PREPROCESSOR_DEFINITIONS = (
					"DEBUG=1",
					"$(inherited)",
				);
				GCC_WARN_64_TO_32_BIT_CONVERSION = YES;
				GCC_WARN_ABOUT_RETURN_TYPE = YES_ERROR;
				GCC_WARN_UNDECLARED_SELECTOR = YES;
				GCC_WARN_UNINITIALIZED_AUTOS = YES_AGGRESSIVE;
				GCC_WARN_UNUSED_FUNCTION = YES;
				GCC_WARN_UNUSED_VARIABLE = YES;
				IPHONEOS_DEPLOYMENT_TARGET = 15.4;
				MTL_ENABLE_DEBUG_INFO = INCLUDE_SOURCE;
				MTL_FAST_MATH = YES;
				ONLY_ACTIVE_ARCH = YES;
				SDKROOT = iphoneos;
				SWIFT_ACTIVE_COMPILATION_CONDITIONS = DEBUG;
				SWIFT_OPTIMIZATION_LEVEL = "-Onone";
			};
			name = Debug;
		};
		BA2D61D6289A622700A74D93 /* Release */ = {
			isa = XCBuildConfiguration;
			buildSettings = {
				ALWAYS_SEARCH_USER_PATHS = NO;
				CLANG_ANALYZER_NONNULL = YES;
				CLANG_ANALYZER_NUMBER_OBJECT_CONVERSION = YES_AGGRESSIVE;
				CLANG_CXX_LANGUAGE_STANDARD = "gnu++17";
				CLANG_ENABLE_MODULES = YES;
				CLANG_ENABLE_OBJC_ARC = YES;
				CLANG_ENABLE_OBJC_WEAK = YES;
				CLANG_WARN_BLOCK_CAPTURE_AUTORELEASING = YES;
				CLANG_WARN_BOOL_CONVERSION = YES;
				CLANG_WARN_COMMA = YES;
				CLANG_WARN_CONSTANT_CONVERSION = YES;
				CLANG_WARN_DEPRECATED_OBJC_IMPLEMENTATIONS = YES;
				CLANG_WARN_DIRECT_OBJC_ISA_USAGE = YES_ERROR;
				CLANG_WARN_DOCUMENTATION_COMMENTS = YES;
				CLANG_WARN_EMPTY_BODY = YES;
				CLANG_WARN_ENUM_CONVERSION = YES;
				CLANG_WARN_INFINITE_RECURSION = YES;
				CLANG_WARN_INT_CONVERSION = YES;
				CLANG_WARN_NON_LITERAL_NULL_CONVERSION = YES;
				CLANG_WARN_OBJC_IMPLICIT_RETAIN_SELF = YES;
				CLANG_WARN_OBJC_LITERAL_CONVERSION = YES;
				CLANG_WARN_OBJC_ROOT_CLASS = YES_ERROR;
				CLANG_WARN_QUOTED_INCLUDE_IN_FRAMEWORK_HEADER = YES;
				CLANG_WARN_RANGE_LOOP_ANALYSIS = YES;
				CLANG_WARN_STRICT_PROTOTYPES = YES;
				CLANG_WARN_SUSPICIOUS_MOVE = YES;
				CLANG_WARN_UNGUARDED_AVAILABILITY = YES_AGGRESSIVE;
				CLANG_WARN_UNREACHABLE_CODE = YES;
				CLANG_WARN__DUPLICATE_METHOD_MATCH = YES;
				COPY_PHASE_STRIP = NO;
				DEBUG_INFORMATION_FORMAT = "dwarf-with-dsym";
				ENABLE_NS_ASSERTIONS = NO;
				ENABLE_STRICT_OBJC_MSGSEND = YES;
				GCC_C_LANGUAGE_STANDARD = gnu11;
				GCC_NO_COMMON_BLOCKS = YES;
				GCC_WARN_64_TO_32_BIT_CONVERSION = YES;
				GCC_WARN_ABOUT_RETURN_TYPE = YES_ERROR;
				GCC_WARN_UNDECLARED_SELECTOR = YES;
				GCC_WARN_UNINITIALIZED_AUTOS = YES_AGGRESSIVE;
				GCC_WARN_UNUSED_FUNCTION = YES;
				GCC_WARN_UNUSED_VARIABLE = YES;
				IPHONEOS_DEPLOYMENT_TARGET = 15.4;
				MTL_ENABLE_DEBUG_INFO = NO;
				MTL_FAST_MATH = YES;
				SDKROOT = iphoneos;
				SWIFT_COMPILATION_MODE = wholemodule;
				SWIFT_OPTIMIZATION_LEVEL = "-O";
				VALIDATE_PRODUCT = YES;
			};
			name = Release;
		};
		BA2D61D8289A622700A74D93 /* Debug */ = {
			isa = XCBuildConfiguration;
			baseConfigurationReference = D6561C55B4AD632AE3E6FF07 /* Pods-hw25.debug.xcconfig */;
			buildSettings = {
				ASSETCATALOG_COMPILER_APPICON_NAME = AppIcon;
				ASSETCATALOG_COMPILER_GLOBAL_ACCENT_COLOR_NAME = AccentColor;
				CODE_SIGN_STYLE = Automatic;
				CURRENT_PROJECT_VERSION = 1;
				DEVELOPMENT_TEAM = 9A7Q9CH3UQ;
				GENERATE_INFOPLIST_FILE = YES;
				INFOPLIST_FILE = hw25/Resources/Info.plist;
				INFOPLIST_KEY_UIApplicationSupportsIndirectInputEvents = YES;
				INFOPLIST_KEY_UILaunchStoryboardName = LaunchScreen;
				INFOPLIST_KEY_UIMainStoryboardFile = Main;
				INFOPLIST_KEY_UISupportedInterfaceOrientations_iPad = "UIInterfaceOrientationPortrait UIInterfaceOrientationPortraitUpsideDown UIInterfaceOrientationLandscapeLeft UIInterfaceOrientationLandscapeRight";
				INFOPLIST_KEY_UISupportedInterfaceOrientations_iPhone = "UIInterfaceOrientationPortrait UIInterfaceOrientationLandscapeLeft UIInterfaceOrientationLandscapeRight";
				LD_RUNPATH_SEARCH_PATHS = (
					"$(inherited)",
					"@executable_path/Frameworks",
				);
				MARKETING_VERSION = 1.0;
				PRODUCT_BUNDLE_IDENTIFIER = alexeypanda.hw25;
				PRODUCT_NAME = "$(TARGET_NAME)";
				SWIFT_EMIT_LOC_STRINGS = YES;
				SWIFT_VERSION = 5.0;
				TARGETED_DEVICE_FAMILY = "1,2";
			};
			name = Debug;
		};
		BA2D61D9289A622700A74D93 /* Release */ = {
			isa = XCBuildConfiguration;
			baseConfigurationReference = 5486EB9DC79611BBD6009328 /* Pods-hw25.release.xcconfig */;
			buildSettings = {
				ASSETCATALOG_COMPILER_APPICON_NAME = AppIcon;
				ASSETCATALOG_COMPILER_GLOBAL_ACCENT_COLOR_NAME = AccentColor;
				CODE_SIGN_STYLE = Automatic;
				CURRENT_PROJECT_VERSION = 1;
				DEVELOPMENT_TEAM = 9A7Q9CH3UQ;
				GENERATE_INFOPLIST_FILE = YES;
				INFOPLIST_FILE = hw25/Resources/Info.plist;
				INFOPLIST_KEY_UIApplicationSupportsIndirectInputEvents = YES;
				INFOPLIST_KEY_UILaunchStoryboardName = LaunchScreen;
				INFOPLIST_KEY_UIMainStoryboardFile = Main;
				INFOPLIST_KEY_UISupportedInterfaceOrientations_iPad = "UIInterfaceOrientationPortrait UIInterfaceOrientationPortraitUpsideDown UIInterfaceOrientationLandscapeLeft UIInterfaceOrientationLandscapeRight";
				INFOPLIST_KEY_UISupportedInterfaceOrientations_iPhone = "UIInterfaceOrientationPortrait UIInterfaceOrientationLandscapeLeft UIInterfaceOrientationLandscapeRight";
				LD_RUNPATH_SEARCH_PATHS = (
					"$(inherited)",
					"@executable_path/Frameworks",
				);
				MARKETING_VERSION = 1.0;
				PRODUCT_BUNDLE_IDENTIFIER = alexeypanda.hw25;
				PRODUCT_NAME = "$(TARGET_NAME)";
				SWIFT_EMIT_LOC_STRINGS = YES;
				SWIFT_VERSION = 5.0;
				TARGETED_DEVICE_FAMILY = "1,2";
			};
			name = Release;
		};
/* End XCBuildConfiguration section */

/* Begin XCConfigurationList section */
		BA2D61BE289A622600A74D93 /* Build configuration list for PBXProject "hw25" */ = {
			isa = XCConfigurationList;
			buildConfigurations = (
				BA2D61D5289A622700A74D93 /* Debug */,
				BA2D61D6289A622700A74D93 /* Release */,
			);
			defaultConfigurationIsVisible = 0;
			defaultConfigurationName = Release;
		};
		BA2D61D7289A622700A74D93 /* Build configuration list for PBXNativeTarget "hw25" */ = {
			isa = XCConfigurationList;
			buildConfigurations = (
				BA2D61D8289A622700A74D93 /* Debug */,
				BA2D61D9289A622700A74D93 /* Release */,
			);
			defaultConfigurationIsVisible = 0;
			defaultConfigurationName = Release;
		};
/* End XCConfigurationList section */
	};
	rootObject = BA2D61BB289A622600A74D93 /* Project object */;
}
